{
  "name": "institutional-prop-bot",
  "version": "2.0.0",
  "description": "Institutional trading bot for Binance / BitGet",
  "main": "bot.js",
  "type": "module",

  "scripts": {
    "start": "node bot.js",
    "dev": "node --watch bot.js",
    "dashboard": "node dashboard/server.cjs"
  },

  "dependencies": {
    "dotenv": "^16.6.1",
    "node-fetch": "^3.3.2"
  },

  "engines": {
    "node": ">=18.0.0"
  }
}
